
Microsoft Visual Studio Solution File, Format Version 12.00
# Visual Studio Version 17
VisualStudioVersion = 17.10.35122.118
MinimumVisualStudioVersion = 10.0.40219.1
Project("{9A19103F-16F7-4668-BE54-9A1E7A4F7556}") = "BankWebService", "BankWebService\BankWebService.csproj", "{0124CCBA-FF47-43C7-A4C4-2ABB96DB87F1}"
EndProject
Project("{FAE04EC0-301F-11D3-BF4B-00C04F79EFBC}") = "BankWebApp", "BankWebApp\BankWebApp.csproj", "{7A89DB77-3E33-479D-9DD0-BC1CC011308F}"
EndProject
Global
	GlobalSection(SolutionConfigurationPlatforms) = preSolution
		Debug|Any CPU = Debug|Any CPU
		Release|Any CPU = Release|Any CPU
	EndGlobalSection
	GlobalSection(ProjectConfigurationPlatforms) = postSolution
		{0124CCBA-FF47-43C7-A4C4-2ABB96DB87F1}.Debug|Any CPU.ActiveCfg = Debug|Any CPU
		{0124CCBA-FF47-43C7-A4C4-2ABB96DB87F1}.Debug|Any CPU.Build.0 = Debug|Any CPU
		{0124CCBA-FF47-43C7-A4C4-2ABB96DB87F1}.Release|Any CPU.ActiveCfg = Release|Any CPU
		{0124CCBA-FF47-43C7-A4C4-2ABB96DB87F1}.Release|Any CPU.Build.0 = Release|Any CPU
		{7A89DB77-3E33-479D-9DD0-BC1CC011308F}.Debug|Any CPU.ActiveCfg = Debug|Any CPU
		{7A89DB77-3E33-479D-9DD0-BC1CC011308F}.Debug|Any CPU.Build.0 = Debug|Any CPU
		{7A89DB77-3E33-479D-9DD0-BC1CC011308F}.Release|Any CPU.ActiveCfg = Release|Any CPU
		{7A89DB77-3E33-479D-9DD0-BC1CC011308F}.Release|Any CPU.Build.0 = Release|Any CPU
	EndGlobalSection
	GlobalSection(SolutionProperties) = preSolution
		HideSolutionNode = FALSE
	EndGlobalSection
	GlobalSection(ExtensibilityGlobals) = postSolution
		SolutionGuid = {8D7D7BBA-EEDB-423E-8222-95DB8AF8199B}
	EndGlobalSection
EndGlobal
